
Microsoft Visual Studio Solution File, Format Version 12.00
# Visual Studio Version 17
VisualStudioVersion = 17.13.35931.197 d17.13
MinimumVisualStudioVersion = 10.0.40219.1
Project("{FAE04EC0-301F-11D3-BF4B-00C04F79EFBC}") = "CitiesProject", "CitiesProject\CitiesProject.csproj", "{3945127D-85B6-4F6E-A8A1-2907B9EF1F77}"
EndProject
Global
	GlobalSection(SolutionConfigurationPlatforms) = preSolution
		Debug|Any CPU = Debug|Any CPU
		Release|Any CPU = Release|Any CPU
	EndGlobalSection
	GlobalSection(ProjectConfigurationPlatforms) = postSolution
		{3945127D-85B6-4F6E-A8A1-2907B9EF1F77}.Debug|Any CPU.ActiveCfg = Debug|Any CPU
		{3945127D-85B6-4F6E-A8A1-2907B9EF1F77}.Debug|Any CPU.Build.0 = Debug|Any CPU
		{3945127D-85B6-4F6E-A8A1-2907B9EF1F77}.Release|Any CPU.ActiveCfg = Release|Any CPU
		{3945127D-85B6-4F6E-A8A1-2907B9EF1F77}.Release|Any CPU.Build.0 = Release|Any CPU
	EndGlobalSection
	GlobalSection(SolutionProperties) = preSolution
		HideSolutionNode = FALSE
	EndGlobalSection
	GlobalSection(ExtensibilityGlobals) = postSolution
		SolutionGuid = {1B02FA58-5D9F-4FA6-A60B-F9C667BA40EA}
	EndGlobalSection
EndGlobal
